
Microsoft Visual Studio Solution File, Format Version 12.00
Project("{FAE04EC0-301F-11D3-BF4B-00C04F79EFBC}") = "Surma.Cms.Core", "Surma.Cms.Core\Surma.Cms.Core.csproj", "{516EED58-3A4E-49B7-A87D-C968EC3CDB0A}"
EndProject
Project("{FAE04EC0-301F-11D3-BF4B-00C04F79EFBC}") = "Surma.Cms.UI.Blazor", "Surma.Cms.UI.Blazor\Surma.Cms.UI.Blazor.csproj", "{7762FC4A-0238-42DF-9B7E-F4656EE60832}"
EndProject
Global
	GlobalSection(SolutionConfigurationPlatforms) = preSolution
		Debug|Any CPU = Debug|Any CPU
		Release|Any CPU = Release|Any CPU
	EndGlobalSection
	GlobalSection(ProjectConfigurationPlatforms) = postSolution
		{516EED58-3A4E-49B7-A87D-C968EC3CDB0A}.Debug|Any CPU.ActiveCfg = Debug|Any CPU
		{516EED58-3A4E-49B7-A87D-C968EC3CDB0A}.Debug|Any CPU.Build.0 = Debug|Any CPU
		{516EED58-3A4E-49B7-A87D-C968EC3CDB0A}.Release|Any CPU.ActiveCfg = Release|Any CPU
		{516EED58-3A4E-49B7-A87D-C968EC3CDB0A}.Release|Any CPU.Build.0 = Release|Any CPU
		{7762FC4A-0238-42DF-9B7E-F4656EE60832}.Debug|Any CPU.ActiveCfg = Debug|Any CPU
		{7762FC4A-0238-42DF-9B7E-F4656EE60832}.Debug|Any CPU.Build.0 = Debug|Any CPU
		{7762FC4A-0238-42DF-9B7E-F4656EE60832}.Release|Any CPU.ActiveCfg = Release|Any CPU
		{7762FC4A-0238-42DF-9B7E-F4656EE60832}.Release|Any CPU.Build.0 = Release|Any CPU
	EndGlobalSection
EndGlobal
